
Microsoft Visual Studio Solution File, Format Version 12.00
# Visual Studio 15
VisualStudioVersion = 15.0.28307.1259
MinimumVisualStudioVersion = 10.0.40219.1
Project("{8BC9CEB8-8B4A-11D0-8D11-00A0C91BC942}") = "MFCApplication2", "MFCApplication2\MFCApplication2.vcxproj", "{FCEEBCF4-8504-48AE-BF7F-15956DD3B983}"
EndProject
Global
	GlobalSection(SolutionConfigurationPlatforms) = preSolution
		Debug|x64 = Debug|x64
		Debug|x86 = Debug|x86
		Release|x64 = Release|x64
		Release|x86 = Release|x86
	EndGlobalSection
	GlobalSection(ProjectConfigurationPlatforms) = postSolution
		{FCEEBCF4-8504-48AE-BF7F-15956DD3B983}.Debug|x64.ActiveCfg = Debug|x64
		{FCEEBCF4-8504-48AE-BF7F-15956DD3B983}.Debug|x64.Build.0 = Debug|x64
		{FCEEBCF4-8504-48AE-BF7F-15956DD3B983}.Debug|x86.ActiveCfg = Debug|Win32
		{FCEEBCF4-8504-48AE-BF7F-15956DD3B983}.Debug|x86.Build.0 = Debug|Win32
		{FCEEBCF4-8504-48AE-BF7F-15956DD3B983}.Release|x64.ActiveCfg = Release|x64
		{FCEEBCF4-8504-48AE-BF7F-15956DD3B983}.Release|x64.Build.0 = Release|x64
		{FCEEBCF4-8504-48AE-BF7F-15956DD3B983}.Release|x86.ActiveCfg = Release|Win32
		{FCEEBCF4-8504-48AE-BF7F-15956DD3B983}.Release|x86.Build.0 = Release|Win32
	EndGlobalSection
	GlobalSection(SolutionProperties) = preSolution
		HideSolutionNode = FALSE
	EndGlobalSection
	GlobalSection(ExtensibilityGlobals) = postSolution
		SolutionGuid = {C92C11AD-B04F-446D-95CD-6ED7DEB4C85C}
	EndGlobalSection
EndGlobal
