
Microsoft Visual Studio Solution File, Format Version 12.00
# Visual Studio Version 16
VisualStudioVersion = 16.0.31025.194
MinimumVisualStudioVersion = 10.0.40219.1
Project("{FAE04EC0-301F-11D3-BF4B-00C04F79EFBC}") = "WindowsFormsEdit", "WindowsFormsEdit\WindowsFormsEdit.csproj", "{04DD7301-8903-4F01-A95E-85C6C015C869}"
EndProject
Global
	GlobalSection(SolutionConfigurationPlatforms) = preSolution
		Debug|Any CPU = Debug|Any CPU
		Release|Any CPU = Release|Any CPU
	EndGlobalSection
	GlobalSection(ProjectConfigurationPlatforms) = postSolution
		{04DD7301-8903-4F01-A95E-85C6C015C869}.Debug|Any CPU.ActiveCfg = Debug|Any CPU
		{04DD7301-8903-4F01-A95E-85C6C015C869}.Debug|Any CPU.Build.0 = Debug|Any CPU
		{04DD7301-8903-4F01-A95E-85C6C015C869}.Release|Any CPU.ActiveCfg = Release|Any CPU
		{04DD7301-8903-4F01-A95E-85C6C015C869}.Release|Any CPU.Build.0 = Release|Any CPU
	EndGlobalSection
	GlobalSection(SolutionProperties) = preSolution
		HideSolutionNode = FALSE
	EndGlobalSection
	GlobalSection(ExtensibilityGlobals) = postSolution
		SolutionGuid = {32921F48-CBC4-4472-B365-4D79989F1D99}
	EndGlobalSection
EndGlobal
